
Microsoft Visual Studio Solution File, Format Version 12.00
# Visual Studio 2013
VisualStudioVersion = 12.0.31101.0
MinimumVisualStudioVersion = 10.0.40219.1
Project("{FAE04EC0-301F-11D3-BF4B-00C04F79EFBC}") = "LiveTiles", "LiveTiles\LiveTiles.csproj", "{BF575B17-21BA-4A5F-AC4C-D005EB02E65D}"
EndProject
Project("{FAE04EC0-301F-11D3-BF4B-00C04F79EFBC}") = "LiveTiles.Background", "LiveTiles.Background\LiveTiles.Background.csproj", "{E21505E6-6D78-4165-B02F-C68001E1209C}"
EndProject
Global
	GlobalSection(SolutionConfigurationPlatforms) = preSolution
		Debug|Any CPU = Debug|Any CPU
		Debug|ARM = Debug|ARM
		Debug|Mixed Platforms = Debug|Mixed Platforms
		Debug|x86 = Debug|x86
		Release|Any CPU = Release|Any CPU
		Release|ARM = Release|ARM
		Release|Mixed Platforms = Release|Mixed Platforms
		Release|x86 = Release|x86
	EndGlobalSection
	GlobalSection(ProjectConfigurationPlatforms) = postSolution
		{BF575B17-21BA-4A5F-AC4C-D005EB02E65D}.Debug|Any CPU.ActiveCfg = Debug|Any CPU
		{BF575B17-21BA-4A5F-AC4C-D005EB02E65D}.Debug|Any CPU.Build.0 = Debug|Any CPU
		{BF575B17-21BA-4A5F-AC4C-D005EB02E65D}.Debug|Any CPU.Deploy.0 = Debug|Any CPU
		{BF575B17-21BA-4A5F-AC4C-D005EB02E65D}.Debug|ARM.ActiveCfg = Debug|ARM
		{BF575B17-21BA-4A5F-AC4C-D005EB02E65D}.Debug|ARM.Build.0 = Debug|ARM
		{BF575B17-21BA-4A5F-AC4C-D005EB02E65D}.Debug|ARM.Deploy.0 = Debug|ARM
		{BF575B17-21BA-4A5F-AC4C-D005EB02E65D}.Debug|Mixed Platforms.ActiveCfg = Debug|x86
		{BF575B17-21BA-4A5F-AC4C-D005EB02E65D}.Debug|Mixed Platforms.Build.0 = Debug|x86
		{BF575B17-21BA-4A5F-AC4C-D005EB02E65D}.Debug|Mixed Platforms.Deploy.0 = Debug|x86
		{BF575B17-21BA-4A5F-AC4C-D005EB02E65D}.Debug|x86.ActiveCfg = Debug|x86
		{BF575B17-21BA-4A5F-AC4C-D005EB02E65D}.Debug|x86.Build.0 = Debug|x86
		{BF575B17-21BA-4A5F-AC4C-D005EB02E65D}.Debug|x86.Deploy.0 = Debug|x86
		{BF575B17-21BA-4A5F-AC4C-D005EB02E65D}.Release|Any CPU.ActiveCfg = Release|Any CPU
		{BF575B17-21BA-4A5F-AC4C-D005EB02E65D}.Release|Any CPU.Build.0 = Release|Any CPU
		{BF575B17-21BA-4A5F-AC4C-D005EB02E65D}.Release|Any CPU.Deploy.0 = Release|Any CPU
		{BF575B17-21BA-4A5F-AC4C-D005EB02E65D}.Release|ARM.ActiveCfg = Release|ARM
		{BF575B17-21BA-4A5F-AC4C-D005EB02E65D}.Release|ARM.Build.0 = Release|ARM
		{BF575B17-21BA-4A5F-AC4C-D005EB02E65D}.Release|ARM.Deploy.0 = Release|ARM
		{BF575B17-21BA-4A5F-AC4C-D005EB02E65D}.Release|Mixed Platforms.ActiveCfg = Release|x86
		{BF575B17-21BA-4A5F-AC4C-D005EB02E65D}.Release|Mixed Platforms.Build.0 = Release|x86
		{BF575B17-21BA-4A5F-AC4C-D005EB02E65D}.Release|Mixed Platforms.Deploy.0 = Release|x86
		{BF575B17-21BA-4A5F-AC4C-D005EB02E65D}.Release|x86.ActiveCfg = Release|x86
		{BF575B17-21BA-4A5F-AC4C-D005EB02E65D}.Release|x86.Build.0 = Release|x86
		{BF575B17-21BA-4A5F-AC4C-D005EB02E65D}.Release|x86.Deploy.0 = Release|x86
		{E21505E6-6D78-4165-B02F-C68001E1209C}.Debug|Any CPU.ActiveCfg = Debug|Any CPU
		{E21505E6-6D78-4165-B02F-C68001E1209C}.Debug|Any CPU.Build.0 = Debug|Any CPU
		{E21505E6-6D78-4165-B02F-C68001E1209C}.Debug|ARM.ActiveCfg = Debug|Any CPU
		{E21505E6-6D78-4165-B02F-C68001E1209C}.Debug|Mixed Platforms.ActiveCfg = Debug|Any CPU
		{E21505E6-6D78-4165-B02F-C68001E1209C}.Debug|Mixed Platforms.Build.0 = Debug|Any CPU
		{E21505E6-6D78-4165-B02F-C68001E1209C}.Debug|x86.ActiveCfg = Debug|Any CPU
		{E21505E6-6D78-4165-B02F-C68001E1209C}.Release|Any CPU.ActiveCfg = Release|Any CPU
		{E21505E6-6D78-4165-B02F-C68001E1209C}.Release|Any CPU.Build.0 = Release|Any CPU
		{E21505E6-6D78-4165-B02F-C68001E1209C}.Release|ARM.ActiveCfg = Release|Any CPU
		{E21505E6-6D78-4165-B02F-C68001E1209C}.Release|Mixed Platforms.ActiveCfg = Release|Any CPU
		{E21505E6-6D78-4165-B02F-C68001E1209C}.Release|Mixed Platforms.Build.0 = Release|Any CPU
		{E21505E6-6D78-4165-B02F-C68001E1209C}.Release|x86.ActiveCfg = Release|Any CPU
	EndGlobalSection
	GlobalSection(SolutionProperties) = preSolution
		HideSolutionNode = FALSE
	EndGlobalSection
EndGlobal
